
Microsoft Visual Studio Solution File, Format Version 12.00
# Visual Studio Version 17
VisualStudioVersion = 17.5.002.0
MinimumVisualStudioVersion = 10.0.40219.1
Project("{9A19103F-16F7-4668-BE54-9A1E7A4F7556}") = "frontend", "frontend\frontend.csproj", "{816B73AC-AE87-4CFA-B969-A806E660AD58}"
EndProject
Project("{9A19103F-16F7-4668-BE54-9A1E7A4F7556}") = "backend", "backend\backend.csproj", "{57C6EACB-4976-4FF7-9145-D9EAAE305B89}"
EndProject
Global
	GlobalSection(SolutionConfigurationPlatforms) = preSolution
		Debug|Any CPU = Debug|Any CPU
		Release|Any CPU = Release|Any CPU
	EndGlobalSection
	GlobalSection(ProjectConfigurationPlatforms) = postSolution
		{816B73AC-AE87-4CFA-B969-A806E660AD58}.Debug|Any CPU.ActiveCfg = Debug|Any CPU
		{816B73AC-AE87-4CFA-B969-A806E660AD58}.Debug|Any CPU.Build.0 = Debug|Any CPU
		{816B73AC-AE87-4CFA-B969-A806E660AD58}.Release|Any CPU.ActiveCfg = Release|Any CPU
		{816B73AC-AE87-4CFA-B969-A806E660AD58}.Release|Any CPU.Build.0 = Release|Any CPU
		{57C6EACB-4976-4FF7-9145-D9EAAE305B89}.Debug|Any CPU.ActiveCfg = Debug|Any CPU
		{57C6EACB-4976-4FF7-9145-D9EAAE305B89}.Debug|Any CPU.Build.0 = Debug|Any CPU
		{57C6EACB-4976-4FF7-9145-D9EAAE305B89}.Release|Any CPU.ActiveCfg = Release|Any CPU
		{57C6EACB-4976-4FF7-9145-D9EAAE305B89}.Release|Any CPU.Build.0 = Release|Any CPU
	EndGlobalSection
	GlobalSection(SolutionProperties) = preSolution
		HideSolutionNode = FALSE
	EndGlobalSection
	GlobalSection(ExtensibilityGlobals) = postSolution
		SolutionGuid = {46847DB8-DF26-426B-8795-2C572FBBD66E}
	EndGlobalSection
EndGlobal
